
Microsoft Visual Studio Solution File, Format Version 12.00
# Visual Studio Version 18
VisualStudioVersion = 18.0.11111.16
MinimumVisualStudioVersion = 10.0.40219.1
Project("{FAE04EC0-301F-11D3-BF4B-00C04F79EFBC}") = "Aplicatie Meniu Gradinita9", "Aplicatie Meniu Gradinita9\Aplicatie Meniu Gradinita9.csproj", "{24F04DEB-7C80-481D-8B53-E8CDFB76CCCD}"
EndProject
Project("{2150E333-8FDC-42A3-9474-1A3956D46DE8}") = "Solution Items", "Solution Items", "{0ED620E0-AA4C-4198-B025-BFF05C8FDA2B}"
	ProjectSection(SolutionItems) = preProject
		diagrama.md = diagrama.md
	EndProjectSection
EndProject
Global
	GlobalSection(SolutionConfigurationPlatforms) = preSolution
		Debug|Any CPU = Debug|Any CPU
		Debug|ARM = Debug|ARM
		Debug|ARM64 = Debug|ARM64
		Debug|x64 = Debug|x64
		Debug|x86 = Debug|x86
		Release|Any CPU = Release|Any CPU
		Release|ARM = Release|ARM
		Release|ARM64 = Release|ARM64
		Release|x64 = Release|x64
		Release|x86 = Release|x86
	EndGlobalSection
	GlobalSection(ProjectConfigurationPlatforms) = postSolution
		{24F04DEB-7C80-481D-8B53-E8CDFB76CCCD}.Debug|Any CPU.ActiveCfg = Debug|Any CPU
		{24F04DEB-7C80-481D-8B53-E8CDFB76CCCD}.Debug|Any CPU.Build.0 = Debug|Any CPU
		{24F04DEB-7C80-481D-8B53-E8CDFB76CCCD}.Debug|ARM.ActiveCfg = Debug|Any CPU
		{24F04DEB-7C80-481D-8B53-E8CDFB76CCCD}.Debug|ARM.Build.0 = Debug|Any CPU
		{24F04DEB-7C80-481D-8B53-E8CDFB76CCCD}.Debug|ARM64.ActiveCfg = Debug|Any CPU
		{24F04DEB-7C80-481D-8B53-E8CDFB76CCCD}.Debug|ARM64.Build.0 = Debug|Any CPU
		{24F04DEB-7C80-481D-8B53-E8CDFB76CCCD}.Debug|x64.ActiveCfg = Debug|Any CPU
		{24F04DEB-7C80-481D-8B53-E8CDFB76CCCD}.Debug|x64.Build.0 = Debug|Any CPU
		{24F04DEB-7C80-481D-8B53-E8CDFB76CCCD}.Debug|x86.ActiveCfg = Debug|Any CPU
		{24F04DEB-7C80-481D-8B53-E8CDFB76CCCD}.Debug|x86.Build.0 = Debug|Any CPU
		{24F04DEB-7C80-481D-8B53-E8CDFB76CCCD}.Release|Any CPU.ActiveCfg = Release|Any CPU
		{24F04DEB-7C80-481D-8B53-E8CDFB76CCCD}.Release|Any CPU.Build.0 = Release|Any CPU
		{24F04DEB-7C80-481D-8B53-E8CDFB76CCCD}.Release|ARM.ActiveCfg = Release|Any CPU
		{24F04DEB-7C80-481D-8B53-E8CDFB76CCCD}.Release|ARM.Build.0 = Release|Any CPU
		{24F04DEB-7C80-481D-8B53-E8CDFB76CCCD}.Release|ARM64.ActiveCfg = Release|Any CPU
		{24F04DEB-7C80-481D-8B53-E8CDFB76CCCD}.Release|ARM64.Build.0 = Release|Any CPU
		{24F04DEB-7C80-481D-8B53-E8CDFB76CCCD}.Release|x64.ActiveCfg = Release|Any CPU
		{24F04DEB-7C80-481D-8B53-E8CDFB76CCCD}.Release|x64.Build.0 = Release|Any CPU
		{24F04DEB-7C80-481D-8B53-E8CDFB76CCCD}.Release|x86.ActiveCfg = Release|Any CPU
		{24F04DEB-7C80-481D-8B53-E8CDFB76CCCD}.Release|x86.Build.0 = Release|Any CPU
	EndGlobalSection
	GlobalSection(SolutionProperties) = preSolution
		HideSolutionNode = FALSE
	EndGlobalSection
	GlobalSection(ExtensibilityGlobals) = postSolution
		SolutionGuid = {91570C4D-CF09-4275-AAE3-2092EE212E65}
	EndGlobalSection
EndGlobal
